
Microsoft Visual Studio Solution File, Format Version 12.00
# Visual Studio 15
VisualStudioVersion = 15.0.27004.2005
MinimumVisualStudioVersion = 10.0.40219.1
Project("{FAE04EC0-301F-11D3-BF4B-00C04F79EFBC}") = "ScriptRunner", "ScriptRunner\ScriptRunner.csproj", "{D1B03189-23CA-4CC0-802E-372D80FE8149}"
EndProject
Project("{FAE04EC0-301F-11D3-BF4B-00C04F79EFBC}") = "ScriptRunner.Core", "ScriptRunner.Core\ScriptRunner.Core.csproj", "{85432031-0631-4BD1-AB3E-995B580863BA}"
EndProject
Global
	GlobalSection(SolutionConfigurationPlatforms) = preSolution
		Debug|Any CPU = Debug|Any CPU
		Release|Any CPU = Release|Any CPU
	EndGlobalSection
	GlobalSection(ProjectConfigurationPlatforms) = postSolution
		{D1B03189-23CA-4CC0-802E-372D80FE8149}.Debug|Any CPU.ActiveCfg = Debug|Any CPU
		{D1B03189-23CA-4CC0-802E-372D80FE8149}.Debug|Any CPU.Build.0 = Debug|Any CPU
		{D1B03189-23CA-4CC0-802E-372D80FE8149}.Release|Any CPU.ActiveCfg = Release|Any CPU
		{D1B03189-23CA-4CC0-802E-372D80FE8149}.Release|Any CPU.Build.0 = Release|Any CPU
		{85432031-0631-4BD1-AB3E-995B580863BA}.Debug|Any CPU.ActiveCfg = Debug|Any CPU
		{85432031-0631-4BD1-AB3E-995B580863BA}.Debug|Any CPU.Build.0 = Debug|Any CPU
		{85432031-0631-4BD1-AB3E-995B580863BA}.Release|Any CPU.ActiveCfg = Release|Any CPU
		{85432031-0631-4BD1-AB3E-995B580863BA}.Release|Any CPU.Build.0 = Release|Any CPU
	EndGlobalSection
	GlobalSection(SolutionProperties) = preSolution
		HideSolutionNode = FALSE
	EndGlobalSection
	GlobalSection(ExtensibilityGlobals) = postSolution
		SolutionGuid = {A32D80F6-34F7-4E2A-956A-9B96399C7D7E}
	EndGlobalSection
EndGlobal
